
Microsoft Visual Studio Solution File, Format Version 12.00
# Visual Studio Version 17
VisualStudioVersion = 17.9.34728.123
MinimumVisualStudioVersion = 10.0.40219.1
Project("{2150E333-8FDC-42A3-9474-1A3956D46DE8}") = "Services", "Services", "{4F5A5105-7CFE-4730-A4C3-832E1B4D870F}"
EndProject
Project("{2150E333-8FDC-42A3-9474-1A3956D46DE8}") = "Order", "Order", "{80FC9EA6-AA96-49F4-9AB7-22113442F9B1}"
EndProject
Project("{9A19103F-16F7-4668-BE54-9A1E7A4F7556}") = "Order.API", "Services\Order\Order.API\Order.API.csproj", "{8434BFA2-CA2D-462B-B31E-75685FC7B922}"
EndProject
Project("{2150E333-8FDC-42A3-9474-1A3956D46DE8}") = "BuildingBlocks", "BuildingBlocks", "{8393F109-7221-4EC1-9B41-1234FC326629}"
EndProject
Project("{9A19103F-16F7-4668-BE54-9A1E7A4F7556}") = "BuildingBlocks", "BuildingBlocks\BuildingBlocks\BuildingBlocks.csproj", "{1C9A381E-8B21-42BC-8B30-3BD948F92548}"
EndProject
Project("{9A19103F-16F7-4668-BE54-9A1E7A4F7556}") = "BuildingBlocks.Messaging", "BuildingBlocks\BuildingBlocks.Messaging\BuildingBlocks.Messaging.csproj", "{BA3C15DB-D390-4A7F-93A0-DAFCDC6CEF41}"
EndProject
Project("{2150E333-8FDC-42A3-9474-1A3956D46DE8}") = "Inventory", "Inventory", "{C67A65FD-C6A6-4F4F-93C8-5ED0F36D560D}"
EndProject
Project("{9A19103F-16F7-4668-BE54-9A1E7A4F7556}") = "Inventory.API", "Services\Inventory\Inventory.API\Inventory.API.csproj", "{AAFD864A-D37C-4A69-94B9-48B251B47B0F}"
EndProject
Project("{2150E333-8FDC-42A3-9474-1A3956D46DE8}") = "SAGA (Separate Service - Not used)", "SAGA (Separate Service - Not used)", "{E2425D74-CBA6-4336-A6B3-4BDF762A323E}"
EndProject
Project("{9A19103F-16F7-4668-BE54-9A1E7A4F7556}") = "ECommerceSAGA", "Services\SAGA\ECommerceSAGA\ECommerceSAGA.csproj", "{06EC6D4E-DD97-466C-9AA1-098B428E2BC3}"
EndProject
Project("{2150E333-8FDC-42A3-9474-1A3956D46DE8}") = "Payment", "Payment", "{CD0E1C16-8A87-4C95-9179-3E2BA989D284}"
EndProject
Project("{2150E333-8FDC-42A3-9474-1A3956D46DE8}") = "Delivery", "Delivery", "{A052F2F1-7CAF-4395-8556-86206B7C8131}"
EndProject
Project("{FAE04EC0-301F-11D3-BF4B-00C04F79EFBC}") = "Payment.API", "Services\Payment\Payment.API\Payment.API.csproj", "{A2809367-05E4-4317-8558-6DDC09B16F95}"
EndProject
Project("{FAE04EC0-301F-11D3-BF4B-00C04F79EFBC}") = "Delivery.API", "Services\Delivery\Delivery.API\Delivery.API.csproj", "{2B1051A0-314C-4187-B6A1-733171D113C3}"
EndProject
Global
	GlobalSection(SolutionConfigurationPlatforms) = preSolution
		Debug|Any CPU = Debug|Any CPU
		Release|Any CPU = Release|Any CPU
	EndGlobalSection
	GlobalSection(ProjectConfigurationPlatforms) = postSolution
		{8434BFA2-CA2D-462B-B31E-75685FC7B922}.Debug|Any CPU.ActiveCfg = Debug|Any CPU
		{8434BFA2-CA2D-462B-B31E-75685FC7B922}.Debug|Any CPU.Build.0 = Debug|Any CPU
		{8434BFA2-CA2D-462B-B31E-75685FC7B922}.Release|Any CPU.ActiveCfg = Release|Any CPU
		{8434BFA2-CA2D-462B-B31E-75685FC7B922}.Release|Any CPU.Build.0 = Release|Any CPU
		{1C9A381E-8B21-42BC-8B30-3BD948F92548}.Debug|Any CPU.ActiveCfg = Debug|Any CPU
		{1C9A381E-8B21-42BC-8B30-3BD948F92548}.Debug|Any CPU.Build.0 = Debug|Any CPU
		{1C9A381E-8B21-42BC-8B30-3BD948F92548}.Release|Any CPU.ActiveCfg = Release|Any CPU
		{1C9A381E-8B21-42BC-8B30-3BD948F92548}.Release|Any CPU.Build.0 = Release|Any CPU
		{BA3C15DB-D390-4A7F-93A0-DAFCDC6CEF41}.Debug|Any CPU.ActiveCfg = Debug|Any CPU
		{BA3C15DB-D390-4A7F-93A0-DAFCDC6CEF41}.Debug|Any CPU.Build.0 = Debug|Any CPU
		{BA3C15DB-D390-4A7F-93A0-DAFCDC6CEF41}.Release|Any CPU.ActiveCfg = Release|Any CPU
		{BA3C15DB-D390-4A7F-93A0-DAFCDC6CEF41}.Release|Any CPU.Build.0 = Release|Any CPU
		{AAFD864A-D37C-4A69-94B9-48B251B47B0F}.Debug|Any CPU.ActiveCfg = Debug|Any CPU
		{AAFD864A-D37C-4A69-94B9-48B251B47B0F}.Debug|Any CPU.Build.0 = Debug|Any CPU
		{AAFD864A-D37C-4A69-94B9-48B251B47B0F}.Release|Any CPU.ActiveCfg = Release|Any CPU
		{AAFD864A-D37C-4A69-94B9-48B251B47B0F}.Release|Any CPU.Build.0 = Release|Any CPU
		{06EC6D4E-DD97-466C-9AA1-098B428E2BC3}.Debug|Any CPU.ActiveCfg = Debug|Any CPU
		{06EC6D4E-DD97-466C-9AA1-098B428E2BC3}.Debug|Any CPU.Build.0 = Debug|Any CPU
		{06EC6D4E-DD97-466C-9AA1-098B428E2BC3}.Release|Any CPU.ActiveCfg = Release|Any CPU
		{06EC6D4E-DD97-466C-9AA1-098B428E2BC3}.Release|Any CPU.Build.0 = Release|Any CPU
		{A2809367-05E4-4317-8558-6DDC09B16F95}.Debug|Any CPU.ActiveCfg = Debug|Any CPU
		{A2809367-05E4-4317-8558-6DDC09B16F95}.Debug|Any CPU.Build.0 = Debug|Any CPU
		{A2809367-05E4-4317-8558-6DDC09B16F95}.Release|Any CPU.ActiveCfg = Release|Any CPU
		{A2809367-05E4-4317-8558-6DDC09B16F95}.Release|Any CPU.Build.0 = Release|Any CPU
		{2B1051A0-314C-4187-B6A1-733171D113C3}.Debug|Any CPU.ActiveCfg = Debug|Any CPU
		{2B1051A0-314C-4187-B6A1-733171D113C3}.Debug|Any CPU.Build.0 = Debug|Any CPU
		{2B1051A0-314C-4187-B6A1-733171D113C3}.Release|Any CPU.ActiveCfg = Release|Any CPU
		{2B1051A0-314C-4187-B6A1-733171D113C3}.Release|Any CPU.Build.0 = Release|Any CPU
	EndGlobalSection
	GlobalSection(SolutionProperties) = preSolution
		HideSolutionNode = FALSE
	EndGlobalSection
	GlobalSection(NestedProjects) = preSolution
		{80FC9EA6-AA96-49F4-9AB7-22113442F9B1} = {4F5A5105-7CFE-4730-A4C3-832E1B4D870F}
		{8434BFA2-CA2D-462B-B31E-75685FC7B922} = {80FC9EA6-AA96-49F4-9AB7-22113442F9B1}
		{1C9A381E-8B21-42BC-8B30-3BD948F92548} = {8393F109-7221-4EC1-9B41-1234FC326629}
		{BA3C15DB-D390-4A7F-93A0-DAFCDC6CEF41} = {8393F109-7221-4EC1-9B41-1234FC326629}
		{C67A65FD-C6A6-4F4F-93C8-5ED0F36D560D} = {4F5A5105-7CFE-4730-A4C3-832E1B4D870F}
		{AAFD864A-D37C-4A69-94B9-48B251B47B0F} = {C67A65FD-C6A6-4F4F-93C8-5ED0F36D560D}
		{E2425D74-CBA6-4336-A6B3-4BDF762A323E} = {4F5A5105-7CFE-4730-A4C3-832E1B4D870F}
		{06EC6D4E-DD97-466C-9AA1-098B428E2BC3} = {E2425D74-CBA6-4336-A6B3-4BDF762A323E}
		{CD0E1C16-8A87-4C95-9179-3E2BA989D284} = {4F5A5105-7CFE-4730-A4C3-832E1B4D870F}
		{A052F2F1-7CAF-4395-8556-86206B7C8131} = {4F5A5105-7CFE-4730-A4C3-832E1B4D870F}
		{A2809367-05E4-4317-8558-6DDC09B16F95} = {CD0E1C16-8A87-4C95-9179-3E2BA989D284}
		{2B1051A0-314C-4187-B6A1-733171D113C3} = {A052F2F1-7CAF-4395-8556-86206B7C8131}
	EndGlobalSection
	GlobalSection(ExtensibilityGlobals) = postSolution
		SolutionGuid = {01427BB8-7704-4A51-A83E-5AB6A11DD4EF}
	EndGlobalSection
EndGlobal
